
Microsoft Visual Studio Solution File, Format Version 12.00
# Visual Studio Version 16
VisualStudioVersion = 16.0.31005.135
MinimumVisualStudioVersion = 10.0.40219.1
Project("{2150E333-8FDC-42A3-9474-1A3956D46DE8}") = "tests", "tests", "{6FC2B0DB-2988-4BAA-9D06-30D4C30263CC}"
EndProject
Project("{FAE04EC0-301F-11D3-BF4B-00C04F79EFBC}") = "TestConsole", "TestConsole\TestConsole.csproj", "{7BE3058B-3828-4EC6-9FAB-8B81AF5DE24D}"
EndProject
Project("{FAE04EC0-301F-11D3-BF4B-00C04F79EFBC}") = "WpfTestMailSender", "WpfTestMailSender\WpfTestMailSender.csproj", "{A71A0C36-037B-4F48-96E4-DC571765C361}"
EndProject
Project("{FAE04EC0-301F-11D3-BF4B-00C04F79EFBC}") = "MailSender", "MailSender\MailSender.csproj", "{873F97E5-34EA-4681-B7C8-14C54E987F9F}"
EndProject
Global
	GlobalSection(SolutionConfigurationPlatforms) = preSolution
		Debug|Any CPU = Debug|Any CPU
		Release|Any CPU = Release|Any CPU
	EndGlobalSection
	GlobalSection(ProjectConfigurationPlatforms) = postSolution
		{7BE3058B-3828-4EC6-9FAB-8B81AF5DE24D}.Debug|Any CPU.ActiveCfg = Debug|Any CPU
		{7BE3058B-3828-4EC6-9FAB-8B81AF5DE24D}.Debug|Any CPU.Build.0 = Debug|Any CPU
		{7BE3058B-3828-4EC6-9FAB-8B81AF5DE24D}.Release|Any CPU.ActiveCfg = Release|Any CPU
		{7BE3058B-3828-4EC6-9FAB-8B81AF5DE24D}.Release|Any CPU.Build.0 = Release|Any CPU
		{A71A0C36-037B-4F48-96E4-DC571765C361}.Debug|Any CPU.ActiveCfg = Debug|Any CPU
		{A71A0C36-037B-4F48-96E4-DC571765C361}.Debug|Any CPU.Build.0 = Debug|Any CPU
		{A71A0C36-037B-4F48-96E4-DC571765C361}.Release|Any CPU.ActiveCfg = Release|Any CPU
		{A71A0C36-037B-4F48-96E4-DC571765C361}.Release|Any CPU.Build.0 = Release|Any CPU
		{873F97E5-34EA-4681-B7C8-14C54E987F9F}.Debug|Any CPU.ActiveCfg = Debug|Any CPU
		{873F97E5-34EA-4681-B7C8-14C54E987F9F}.Debug|Any CPU.Build.0 = Debug|Any CPU
		{873F97E5-34EA-4681-B7C8-14C54E987F9F}.Release|Any CPU.ActiveCfg = Release|Any CPU
		{873F97E5-34EA-4681-B7C8-14C54E987F9F}.Release|Any CPU.Build.0 = Release|Any CPU
	EndGlobalSection
	GlobalSection(SolutionProperties) = preSolution
		HideSolutionNode = FALSE
	EndGlobalSection
	GlobalSection(NestedProjects) = preSolution
		{7BE3058B-3828-4EC6-9FAB-8B81AF5DE24D} = {6FC2B0DB-2988-4BAA-9D06-30D4C30263CC}
		{A71A0C36-037B-4F48-96E4-DC571765C361} = {6FC2B0DB-2988-4BAA-9D06-30D4C30263CC}
	EndGlobalSection
	GlobalSection(ExtensibilityGlobals) = postSolution
		SolutionGuid = {AC28B99E-4C8B-43FF-928C-BAB68561BE6A}
	EndGlobalSection
EndGlobal
